
Microsoft Visual Studio Solution File, Format Version 12.00
# Visual Studio 14
VisualStudioVersion = 14.0.25420.1
MinimumVisualStudioVersion = 10.0.40219.1
Project("{8BC9CEB8-8B4A-11D0-8D11-00A0C91BC942}") = "Basic 1", "Basic 1\Basic 1.vcxproj", "{C69D0BE4-C46D-40B1-9936-BEBCD66AC296}"
EndProject
Project("{8BC9CEB8-8B4A-11D0-8D11-00A0C91BC942}") = "Basic 2", "Basic 2\Basic 2.vcxproj", "{6484AD2A-FECF-412A-BB37-8BE0C8E1C387}"
EndProject
Project("{8BC9CEB8-8B4A-11D0-8D11-00A0C91BC942}") = "Basic 3", "Basic 3\Basic 3.vcxproj", "{22A641E4-6F62-4955-B119-FCC005A1B455}"
EndProject
Project("{8BC9CEB8-8B4A-11D0-8D11-00A0C91BC942}") = "Basic 3 (User)", "Basic 3 (User)\Basic 3 (User).vcxproj", "{B9E7D023-1C81-4126-AC77-ED3AD06F419B}"
EndProject
Project("{8BC9CEB8-8B4A-11D0-8D11-00A0C91BC942}") = "Basic 4", "Basic 4\Basic 4.vcxproj", "{D9B21FB9-21F5-43B7-98CF-279C16F5E872}"
EndProject
Global
	GlobalSection(SolutionConfigurationPlatforms) = preSolution
		Debug|ARM = Debug|ARM
		Debug|ARM64 = Debug|ARM64
		Debug|x64 = Debug|x64
		Debug|x86 = Debug|x86
		Release|ARM = Release|ARM
		Release|ARM64 = Release|ARM64
		Release|x64 = Release|x64
		Release|x86 = Release|x86
	EndGlobalSection
	GlobalSection(ProjectConfigurationPlatforms) = postSolution
		{C69D0BE4-C46D-40B1-9936-BEBCD66AC296}.Debug|ARM.ActiveCfg = Debug|ARM
		{C69D0BE4-C46D-40B1-9936-BEBCD66AC296}.Debug|ARM.Build.0 = Debug|ARM
		{C69D0BE4-C46D-40B1-9936-BEBCD66AC296}.Debug|ARM.Deploy.0 = Debug|ARM
		{C69D0BE4-C46D-40B1-9936-BEBCD66AC296}.Debug|ARM64.ActiveCfg = Debug|ARM64
		{C69D0BE4-C46D-40B1-9936-BEBCD66AC296}.Debug|ARM64.Build.0 = Debug|ARM64
		{C69D0BE4-C46D-40B1-9936-BEBCD66AC296}.Debug|ARM64.Deploy.0 = Debug|ARM64
		{C69D0BE4-C46D-40B1-9936-BEBCD66AC296}.Debug|x64.ActiveCfg = Debug|x64
		{C69D0BE4-C46D-40B1-9936-BEBCD66AC296}.Debug|x64.Build.0 = Debug|x64
		{C69D0BE4-C46D-40B1-9936-BEBCD66AC296}.Debug|x64.Deploy.0 = Debug|x64
		{C69D0BE4-C46D-40B1-9936-BEBCD66AC296}.Debug|x86.ActiveCfg = Debug|Win32
		{C69D0BE4-C46D-40B1-9936-BEBCD66AC296}.Debug|x86.Build.0 = Debug|Win32
		{C69D0BE4-C46D-40B1-9936-BEBCD66AC296}.Debug|x86.Deploy.0 = Debug|Win32
		{C69D0BE4-C46D-40B1-9936-BEBCD66AC296}.Release|ARM.ActiveCfg = Release|ARM
		{C69D0BE4-C46D-40B1-9936-BEBCD66AC296}.Release|ARM.Build.0 = Release|ARM
		{C69D0BE4-C46D-40B1-9936-BEBCD66AC296}.Release|ARM.Deploy.0 = Release|ARM
		{C69D0BE4-C46D-40B1-9936-BEBCD66AC296}.Release|ARM64.ActiveCfg = Release|ARM64
		{C69D0BE4-C46D-40B1-9936-BEBCD66AC296}.Release|ARM64.Build.0 = Release|ARM64
		{C69D0BE4-C46D-40B1-9936-BEBCD66AC296}.Release|ARM64.Deploy.0 = Release|ARM64
		{C69D0BE4-C46D-40B1-9936-BEBCD66AC296}.Release|x64.ActiveCfg = Release|x64
		{C69D0BE4-C46D-40B1-9936-BEBCD66AC296}.Release|x64.Build.0 = Release|x64
		{C69D0BE4-C46D-40B1-9936-BEBCD66AC296}.Release|x64.Deploy.0 = Release|x64
		{C69D0BE4-C46D-40B1-9936-BEBCD66AC296}.Release|x86.ActiveCfg = Release|Win32
		{C69D0BE4-C46D-40B1-9936-BEBCD66AC296}.Release|x86.Build.0 = Release|Win32
		{C69D0BE4-C46D-40B1-9936-BEBCD66AC296}.Release|x86.Deploy.0 = Release|Win32
		{6484AD2A-FECF-412A-BB37-8BE0C8E1C387}.Debug|ARM.ActiveCfg = Debug|ARM
		{6484AD2A-FECF-412A-BB37-8BE0C8E1C387}.Debug|ARM.Build.0 = Debug|ARM
		{6484AD2A-FECF-412A-BB37-8BE0C8E1C387}.Debug|ARM.Deploy.0 = Debug|ARM
		{6484AD2A-FECF-412A-BB37-8BE0C8E1C387}.Debug|ARM64.ActiveCfg = Debug|ARM64
		{6484AD2A-FECF-412A-BB37-8BE0C8E1C387}.Debug|ARM64.Build.0 = Debug|ARM64
		{6484AD2A-FECF-412A-BB37-8BE0C8E1C387}.Debug|ARM64.Deploy.0 = Debug|ARM64
		{6484AD2A-FECF-412A-BB37-8BE0C8E1C387}.Debug|x64.ActiveCfg = Debug|x64
		{6484AD2A-FECF-412A-BB37-8BE0C8E1C387}.Debug|x64.Build.0 = Debug|x64
		{6484AD2A-FECF-412A-BB37-8BE0C8E1C387}.Debug|x64.Deploy.0 = Debug|x64
		{6484AD2A-FECF-412A-BB37-8BE0C8E1C387}.Debug|x86.ActiveCfg = Debug|Win32
		{6484AD2A-FECF-412A-BB37-8BE0C8E1C387}.Debug|x86.Build.0 = Debug|Win32
		{6484AD2A-FECF-412A-BB37-8BE0C8E1C387}.Debug|x86.Deploy.0 = Debug|Win32
		{6484AD2A-FECF-412A-BB37-8BE0C8E1C387}.Release|ARM.ActiveCfg = Release|ARM
		{6484AD2A-FECF-412A-BB37-8BE0C8E1C387}.Release|ARM.Build.0 = Release|ARM
		{6484AD2A-FECF-412A-BB37-8BE0C8E1C387}.Release|ARM.Deploy.0 = Release|ARM
		{6484AD2A-FECF-412A-BB37-8BE0C8E1C387}.Release|ARM64.ActiveCfg = Release|ARM64
		{6484AD2A-FECF-412A-BB37-8BE0C8E1C387}.Release|ARM64.Build.0 = Release|ARM64
		{6484AD2A-FECF-412A-BB37-8BE0C8E1C387}.Release|ARM64.Deploy.0 = Release|ARM64
		{6484AD2A-FECF-412A-BB37-8BE0C8E1C387}.Release|x64.ActiveCfg = Release|x64
		{6484AD2A-FECF-412A-BB37-8BE0C8E1C387}.Release|x64.Build.0 = Release|x64
		{6484AD2A-FECF-412A-BB37-8BE0C8E1C387}.Release|x64.Deploy.0 = Release|x64
		{6484AD2A-FECF-412A-BB37-8BE0C8E1C387}.Release|x86.ActiveCfg = Release|Win32
		{6484AD2A-FECF-412A-BB37-8BE0C8E1C387}.Release|x86.Build.0 = Release|Win32
		{6484AD2A-FECF-412A-BB37-8BE0C8E1C387}.Release|x86.Deploy.0 = Release|Win32
		{22A641E4-6F62-4955-B119-FCC005A1B455}.Debug|ARM.ActiveCfg = Debug|ARM
		{22A641E4-6F62-4955-B119-FCC005A1B455}.Debug|ARM.Build.0 = Debug|ARM
		{22A641E4-6F62-4955-B119-FCC005A1B455}.Debug|ARM.Deploy.0 = Debug|ARM
		{22A641E4-6F62-4955-B119-FCC005A1B455}.Debug|ARM64.ActiveCfg = Debug|ARM64
		{22A641E4-6F62-4955-B119-FCC005A1B455}.Debug|ARM64.Build.0 = Debug|ARM64
		{22A641E4-6F62-4955-B119-FCC005A1B455}.Debug|ARM64.Deploy.0 = Debug|ARM64
		{22A641E4-6F62-4955-B119-FCC005A1B455}.Debug|x64.ActiveCfg = Debug|x64
		{22A641E4-6F62-4955-B119-FCC005A1B455}.Debug|x64.Build.0 = Debug|x64
		{22A641E4-6F62-4955-B119-FCC005A1B455}.Debug|x64.Deploy.0 = Debug|x64
		{22A641E4-6F62-4955-B119-FCC005A1B455}.Debug|x86.ActiveCfg = Debug|Win32
		{22A641E4-6F62-4955-B119-FCC005A1B455}.Debug|x86.Build.0 = Debug|Win32
		{22A641E4-6F62-4955-B119-FCC005A1B455}.Debug|x86.Deploy.0 = Debug|Win32
		{22A641E4-6F62-4955-B119-FCC005A1B455}.Release|ARM.ActiveCfg = Release|ARM
		{22A641E4-6F62-4955-B119-FCC005A1B455}.Release|ARM.Build.0 = Release|ARM
		{22A641E4-6F62-4955-B119-FCC005A1B455}.Release|ARM.Deploy.0 = Release|ARM
		{22A641E4-6F62-4955-B119-FCC005A1B455}.Release|ARM64.ActiveCfg = Release|ARM64
		{22A641E4-6F62-4955-B119-FCC005A1B455}.Release|ARM64.Build.0 = Release|ARM64
		{22A641E4-6F62-4955-B119-FCC005A1B455}.Release|ARM64.Deploy.0 = Release|ARM64
		{22A641E4-6F62-4955-B119-FCC005A1B455}.Release|x64.ActiveCfg = Release|x64
		{22A641E4-6F62-4955-B119-FCC005A1B455}.Release|x64.Build.0 = Release|x64
		{22A641E4-6F62-4955-B119-FCC005A1B455}.Release|x64.Deploy.0 = Release|x64
		{22A641E4-6F62-4955-B119-FCC005A1B455}.Release|x86.ActiveCfg = Release|Win32
		{22A641E4-6F62-4955-B119-FCC005A1B455}.Release|x86.Build.0 = Release|Win32
		{22A641E4-6F62-4955-B119-FCC005A1B455}.Release|x86.Deploy.0 = Release|Win32
		{B9E7D023-1C81-4126-AC77-ED3AD06F419B}.Debug|ARM.ActiveCfg = Debug|Win32
		{B9E7D023-1C81-4126-AC77-ED3AD06F419B}.Debug|ARM64.ActiveCfg = Debug|Win32
		{B9E7D023-1C81-4126-AC77-ED3AD06F419B}.Debug|x64.ActiveCfg = Debug|x64
		{B9E7D023-1C81-4126-AC77-ED3AD06F419B}.Debug|x64.Build.0 = Debug|x64
		{B9E7D023-1C81-4126-AC77-ED3AD06F419B}.Debug|x86.ActiveCfg = Debug|Win32
		{B9E7D023-1C81-4126-AC77-ED3AD06F419B}.Debug|x86.Build.0 = Debug|Win32
		{B9E7D023-1C81-4126-AC77-ED3AD06F419B}.Release|ARM.ActiveCfg = Release|Win32
		{B9E7D023-1C81-4126-AC77-ED3AD06F419B}.Release|ARM64.ActiveCfg = Release|Win32
		{B9E7D023-1C81-4126-AC77-ED3AD06F419B}.Release|x64.ActiveCfg = Release|x64
		{B9E7D023-1C81-4126-AC77-ED3AD06F419B}.Release|x64.Build.0 = Release|x64
		{B9E7D023-1C81-4126-AC77-ED3AD06F419B}.Release|x86.ActiveCfg = Release|Win32
		{B9E7D023-1C81-4126-AC77-ED3AD06F419B}.Release|x86.Build.0 = Release|Win32
		{D9B21FB9-21F5-43B7-98CF-279C16F5E872}.Debug|ARM.ActiveCfg = Debug|ARM
		{D9B21FB9-21F5-43B7-98CF-279C16F5E872}.Debug|ARM.Build.0 = Debug|ARM
		{D9B21FB9-21F5-43B7-98CF-279C16F5E872}.Debug|ARM.Deploy.0 = Debug|ARM
		{D9B21FB9-21F5-43B7-98CF-279C16F5E872}.Debug|ARM64.ActiveCfg = Debug|ARM64
		{D9B21FB9-21F5-43B7-98CF-279C16F5E872}.Debug|ARM64.Build.0 = Debug|ARM64
		{D9B21FB9-21F5-43B7-98CF-279C16F5E872}.Debug|ARM64.Deploy.0 = Debug|ARM64
		{D9B21FB9-21F5-43B7-98CF-279C16F5E872}.Debug|x64.ActiveCfg = Debug|x64
		{D9B21FB9-21F5-43B7-98CF-279C16F5E872}.Debug|x64.Build.0 = Debug|x64
		{D9B21FB9-21F5-43B7-98CF-279C16F5E872}.Debug|x64.Deploy.0 = Debug|x64
		{D9B21FB9-21F5-43B7-98CF-279C16F5E872}.Debug|x86.ActiveCfg = Debug|Win32
		{D9B21FB9-21F5-43B7-98CF-279C16F5E872}.Debug|x86.Build.0 = Debug|Win32
		{D9B21FB9-21F5-43B7-98CF-279C16F5E872}.Debug|x86.Deploy.0 = Debug|Win32
		{D9B21FB9-21F5-43B7-98CF-279C16F5E872}.Release|ARM.ActiveCfg = Release|ARM
		{D9B21FB9-21F5-43B7-98CF-279C16F5E872}.Release|ARM.Build.0 = Release|ARM
		{D9B21FB9-21F5-43B7-98CF-279C16F5E872}.Release|ARM.Deploy.0 = Release|ARM
		{D9B21FB9-21F5-43B7-98CF-279C16F5E872}.Release|ARM64.ActiveCfg = Release|ARM64
		{D9B21FB9-21F5-43B7-98CF-279C16F5E872}.Release|ARM64.Build.0 = Release|ARM64
		{D9B21FB9-21F5-43B7-98CF-279C16F5E872}.Release|ARM64.Deploy.0 = Release|ARM64
		{D9B21FB9-21F5-43B7-98CF-279C16F5E872}.Release|x64.ActiveCfg = Release|x64
		{D9B21FB9-21F5-43B7-98CF-279C16F5E872}.Release|x64.Build.0 = Release|x64
		{D9B21FB9-21F5-43B7-98CF-279C16F5E872}.Release|x64.Deploy.0 = Release|x64
		{D9B21FB9-21F5-43B7-98CF-279C16F5E872}.Release|x86.ActiveCfg = Release|Win32
		{D9B21FB9-21F5-43B7-98CF-279C16F5E872}.Release|x86.Build.0 = Release|Win32
		{D9B21FB9-21F5-43B7-98CF-279C16F5E872}.Release|x86.Deploy.0 = Release|Win32
	EndGlobalSection
	GlobalSection(SolutionProperties) = preSolution
		HideSolutionNode = FALSE
	EndGlobalSection
EndGlobal
